
Microsoft Visual Studio Solution File, Format Version 12.00
# Visual Studio Version 16
VisualStudioVersion = 16.0.29709.97
MinimumVisualStudioVersion = 10.0.40219.1
Project("{FAE04EC0-301F-11D3-BF4B-00C04F79EFBC}") = "Interactive moive", "Interactive moive.csproj", "{96650F8B-683B-4B3B-8ECC-7C09472E5BCE}"
EndProject
Project("{FAE04EC0-301F-11D3-BF4B-00C04F79EFBC}") = "InteractiveMovieLib", "..\InteractiveMovieLib\InteractiveMovieLib.csproj", "{EF22BE4A-024B-471B-8896-506DAA3BCAE6}"
EndProject
Global
	GlobalSection(SolutionConfigurationPlatforms) = preSolution
		Debug|Any CPU = Debug|Any CPU
		Release|Any CPU = Release|Any CPU
	EndGlobalSection
	GlobalSection(ProjectConfigurationPlatforms) = postSolution
		{96650F8B-683B-4B3B-8ECC-7C09472E5BCE}.Debug|Any CPU.ActiveCfg = Debug|Any CPU
		{96650F8B-683B-4B3B-8ECC-7C09472E5BCE}.Debug|Any CPU.Build.0 = Debug|Any CPU
		{96650F8B-683B-4B3B-8ECC-7C09472E5BCE}.Release|Any CPU.ActiveCfg = Release|Any CPU
		{96650F8B-683B-4B3B-8ECC-7C09472E5BCE}.Release|Any CPU.Build.0 = Release|Any CPU
		{EF22BE4A-024B-471B-8896-506DAA3BCAE6}.Debug|Any CPU.ActiveCfg = Debug|Any CPU
		{EF22BE4A-024B-471B-8896-506DAA3BCAE6}.Debug|Any CPU.Build.0 = Debug|Any CPU
		{EF22BE4A-024B-471B-8896-506DAA3BCAE6}.Release|Any CPU.ActiveCfg = Release|Any CPU
		{EF22BE4A-024B-471B-8896-506DAA3BCAE6}.Release|Any CPU.Build.0 = Release|Any CPU
	EndGlobalSection
	GlobalSection(SolutionProperties) = preSolution
		HideSolutionNode = FALSE
	EndGlobalSection
	GlobalSection(ExtensibilityGlobals) = postSolution
		SolutionGuid = {449C73A3-D525-4B69-A4A5-64055B385BD5}
	EndGlobalSection
EndGlobal
